
Microsoft Visual Studio Solution File, Format Version 12.00
# Visual Studio 15
VisualStudioVersion = 15.0.28307.421
MinimumVisualStudioVersion = 10.0.40219.1
Project("{FAE04EC0-301F-11D3-BF4B-00C04F79EFBC}") = "KeyforgeVaultClient", "KeyforgeVaultClient\KeyforgeVaultClient.csproj", "{417C2211-F2F2-4B60-A736-44B7D5616092}"
EndProject
Global
	GlobalSection(SolutionConfigurationPlatforms) = preSolution
		Debug|Any CPU = Debug|Any CPU
		Release|Any CPU = Release|Any CPU
	EndGlobalSection
	GlobalSection(ProjectConfigurationPlatforms) = postSolution
		{417C2211-F2F2-4B60-A736-44B7D5616092}.Debug|Any CPU.ActiveCfg = Debug|Any CPU
		{417C2211-F2F2-4B60-A736-44B7D5616092}.Debug|Any CPU.Build.0 = Debug|Any CPU
		{417C2211-F2F2-4B60-A736-44B7D5616092}.Release|Any CPU.ActiveCfg = Release|Any CPU
		{417C2211-F2F2-4B60-A736-44B7D5616092}.Release|Any CPU.Build.0 = Release|Any CPU
	EndGlobalSection
	GlobalSection(SolutionProperties) = preSolution
		HideSolutionNode = FALSE
	EndGlobalSection
	GlobalSection(ExtensibilityGlobals) = postSolution
		SolutionGuid = {AD199270-E754-4A86-9CB6-14F9F017DABB}
	EndGlobalSection
EndGlobal
